
Microsoft Visual Studio Solution File, Format Version 12.00
# Visual Studio Version 16
VisualStudioVersion = 16.0.28729.10
MinimumVisualStudioVersion = 10.0.40219.1
Project("{FAE04EC0-301F-11D3-BF4B-00C04F79EFBC}") = "CheckIntegrityZip", "CheckIntegrityZip\CheckIntegrityZip.csproj", "{9D5C53CC-6D4E-4AD8-8544-8AB77E60D2C6}"
EndProject
Global
	GlobalSection(SolutionConfigurationPlatforms) = preSolution
		Debug|Any CPU = Debug|Any CPU
		Release|Any CPU = Release|Any CPU
	EndGlobalSection
	GlobalSection(ProjectConfigurationPlatforms) = postSolution
		{9D5C53CC-6D4E-4AD8-8544-8AB77E60D2C6}.Debug|Any CPU.ActiveCfg = Debug|Any CPU
		{9D5C53CC-6D4E-4AD8-8544-8AB77E60D2C6}.Debug|Any CPU.Build.0 = Debug|Any CPU
		{9D5C53CC-6D4E-4AD8-8544-8AB77E60D2C6}.Release|Any CPU.ActiveCfg = Release|Any CPU
		{9D5C53CC-6D4E-4AD8-8544-8AB77E60D2C6}.Release|Any CPU.Build.0 = Release|Any CPU
	EndGlobalSection
	GlobalSection(SolutionProperties) = preSolution
		HideSolutionNode = FALSE
	EndGlobalSection
	GlobalSection(ExtensibilityGlobals) = postSolution
		SolutionGuid = {BE082293-A666-4785-A2F9-21087FA4C333}
	EndGlobalSection
EndGlobal
